
Microsoft Visual Studio Solution File, Format Version 12.00
# Visual Studio Version 17
VisualStudioVersion = 17.0.31903.59
MinimumVisualStudioVersion = 10.0.40219.1
Project("{2150E333-8FDC-42A3-9474-1A3956D46DE8}") = "src", "src", "{827E0CD3-B72D-47B6-A68D-7590B98EB39B}"
EndProject
Project("{2150E333-8FDC-42A3-9474-1A3956D46DE8}") = "Core", "Core", "{8D626EA8-CB54-BC41-363A-217881BEBA6E}"
EndProject
Project("{FAE04EC0-301F-11D3-BF4B-00C04F79EFBC}") = "CadastroProdutosAI.Core", "src\Core\CadastroProdutosAI.Core.csproj", "{494F3CFB-A7A3-45A5-A6E2-D508ED5D530B}"
EndProject
Project("{2150E333-8FDC-42A3-9474-1A3956D46DE8}") = "Data", "Data", "{58A5B24B-8FB4-5A6E-5EF4-1E3E19F29B1B}"
EndProject
Project("{FAE04EC0-301F-11D3-BF4B-00C04F79EFBC}") = "CadastroProdutosAI.Data", "src\Data\CadastroProdutosAI.Data.csproj", "{EBC50269-70BE-4F9F-9C38-DBCFDD460570}"
EndProject
Project("{2150E333-8FDC-42A3-9474-1A3956D46DE8}") = "Services", "Services", "{984BB9B3-3FA3-BE33-9484-CAC21695A33C}"
EndProject
Project("{FAE04EC0-301F-11D3-BF4B-00C04F79EFBC}") = "CadastroProdutosAI.Services", "src\Services\CadastroProdutosAI.Services.csproj", "{55146A73-C0B8-429D-A8BA-6F14EEA02152}"
EndProject
Project("{2150E333-8FDC-42A3-9474-1A3956D46DE8}") = "Web", "Web", "{03997797-E7F5-0643-168D-B8EA7178C2FE}"
EndProject
Project("{FAE04EC0-301F-11D3-BF4B-00C04F79EFBC}") = "CadastroProdutosAI.Web", "src\Web\CadastroProdutosAI.Web.csproj", "{C36E7B17-0A5B-4D22-A2B1-18B3B54955AB}"
EndProject
Global
	GlobalSection(SolutionConfigurationPlatforms) = preSolution
		Debug|Any CPU = Debug|Any CPU
		Debug|x64 = Debug|x64
		Debug|x86 = Debug|x86
		Release|Any CPU = Release|Any CPU
		Release|x64 = Release|x64
		Release|x86 = Release|x86
	EndGlobalSection
	GlobalSection(ProjectConfigurationPlatforms) = postSolution
		{494F3CFB-A7A3-45A5-A6E2-D508ED5D530B}.Debug|Any CPU.ActiveCfg = Debug|Any CPU
		{494F3CFB-A7A3-45A5-A6E2-D508ED5D530B}.Debug|Any CPU.Build.0 = Debug|Any CPU
		{494F3CFB-A7A3-45A5-A6E2-D508ED5D530B}.Debug|x64.ActiveCfg = Debug|Any CPU
		{494F3CFB-A7A3-45A5-A6E2-D508ED5D530B}.Debug|x64.Build.0 = Debug|Any CPU
		{494F3CFB-A7A3-45A5-A6E2-D508ED5D530B}.Debug|x86.ActiveCfg = Debug|Any CPU
		{494F3CFB-A7A3-45A5-A6E2-D508ED5D530B}.Debug|x86.Build.0 = Debug|Any CPU
		{494F3CFB-A7A3-45A5-A6E2-D508ED5D530B}.Release|Any CPU.ActiveCfg = Release|Any CPU
		{494F3CFB-A7A3-45A5-A6E2-D508ED5D530B}.Release|Any CPU.Build.0 = Release|Any CPU
		{494F3CFB-A7A3-45A5-A6E2-D508ED5D530B}.Release|x64.ActiveCfg = Release|Any CPU
		{494F3CFB-A7A3-45A5-A6E2-D508ED5D530B}.Release|x64.Build.0 = Release|Any CPU
		{494F3CFB-A7A3-45A5-A6E2-D508ED5D530B}.Release|x86.ActiveCfg = Release|Any CPU
		{494F3CFB-A7A3-45A5-A6E2-D508ED5D530B}.Release|x86.Build.0 = Release|Any CPU
		{EBC50269-70BE-4F9F-9C38-DBCFDD460570}.Debug|Any CPU.ActiveCfg = Debug|Any CPU
		{EBC50269-70BE-4F9F-9C38-DBCFDD460570}.Debug|Any CPU.Build.0 = Debug|Any CPU
		{EBC50269-70BE-4F9F-9C38-DBCFDD460570}.Debug|x64.ActiveCfg = Debug|Any CPU
		{EBC50269-70BE-4F9F-9C38-DBCFDD460570}.Debug|x64.Build.0 = Debug|Any CPU
		{EBC50269-70BE-4F9F-9C38-DBCFDD460570}.Debug|x86.ActiveCfg = Debug|Any CPU
		{EBC50269-70BE-4F9F-9C38-DBCFDD460570}.Debug|x86.Build.0 = Debug|Any CPU
		{EBC50269-70BE-4F9F-9C38-DBCFDD460570}.Release|Any CPU.ActiveCfg = Release|Any CPU
		{EBC50269-70BE-4F9F-9C38-DBCFDD460570}.Release|Any CPU.Build.0 = Release|Any CPU
		{EBC50269-70BE-4F9F-9C38-DBCFDD460570}.Release|x64.ActiveCfg = Release|Any CPU
		{EBC50269-70BE-4F9F-9C38-DBCFDD460570}.Release|x64.Build.0 = Release|Any CPU
		{EBC50269-70BE-4F9F-9C38-DBCFDD460570}.Release|x86.ActiveCfg = Release|Any CPU
		{EBC50269-70BE-4F9F-9C38-DBCFDD460570}.Release|x86.Build.0 = Release|Any CPU
		{55146A73-C0B8-429D-A8BA-6F14EEA02152}.Debug|Any CPU.ActiveCfg = Debug|Any CPU
		{55146A73-C0B8-429D-A8BA-6F14EEA02152}.Debug|Any CPU.Build.0 = Debug|Any CPU
		{55146A73-C0B8-429D-A8BA-6F14EEA02152}.Debug|x64.ActiveCfg = Debug|Any CPU
		{55146A73-C0B8-429D-A8BA-6F14EEA02152}.Debug|x64.Build.0 = Debug|Any CPU
		{55146A73-C0B8-429D-A8BA-6F14EEA02152}.Debug|x86.ActiveCfg = Debug|Any CPU
		{55146A73-C0B8-429D-A8BA-6F14EEA02152}.Debug|x86.Build.0 = Debug|Any CPU
		{55146A73-C0B8-429D-A8BA-6F14EEA02152}.Release|Any CPU.ActiveCfg = Release|Any CPU
		{55146A73-C0B8-429D-A8BA-6F14EEA02152}.Release|Any CPU.Build.0 = Release|Any CPU
		{55146A73-C0B8-429D-A8BA-6F14EEA02152}.Release|x64.ActiveCfg = Release|Any CPU
		{55146A73-C0B8-429D-A8BA-6F14EEA02152}.Release|x64.Build.0 = Release|Any CPU
		{55146A73-C0B8-429D-A8BA-6F14EEA02152}.Release|x86.ActiveCfg = Release|Any CPU
		{55146A73-C0B8-429D-A8BA-6F14EEA02152}.Release|x86.Build.0 = Release|Any CPU
		{C36E7B17-0A5B-4D22-A2B1-18B3B54955AB}.Debug|Any CPU.ActiveCfg = Debug|Any CPU
		{C36E7B17-0A5B-4D22-A2B1-18B3B54955AB}.Debug|Any CPU.Build.0 = Debug|Any CPU
		{C36E7B17-0A5B-4D22-A2B1-18B3B54955AB}.Debug|x64.ActiveCfg = Debug|Any CPU
		{C36E7B17-0A5B-4D22-A2B1-18B3B54955AB}.Debug|x64.Build.0 = Debug|Any CPU
		{C36E7B17-0A5B-4D22-A2B1-18B3B54955AB}.Debug|x86.ActiveCfg = Debug|Any CPU
		{C36E7B17-0A5B-4D22-A2B1-18B3B54955AB}.Debug|x86.Build.0 = Debug|Any CPU
		{C36E7B17-0A5B-4D22-A2B1-18B3B54955AB}.Release|Any CPU.ActiveCfg = Release|Any CPU
		{C36E7B17-0A5B-4D22-A2B1-18B3B54955AB}.Release|Any CPU.Build.0 = Release|Any CPU
		{C36E7B17-0A5B-4D22-A2B1-18B3B54955AB}.Release|x64.ActiveCfg = Release|Any CPU
		{C36E7B17-0A5B-4D22-A2B1-18B3B54955AB}.Release|x64.Build.0 = Release|Any CPU
		{C36E7B17-0A5B-4D22-A2B1-18B3B54955AB}.Release|x86.ActiveCfg = Release|Any CPU
		{C36E7B17-0A5B-4D22-A2B1-18B3B54955AB}.Release|x86.Build.0 = Release|Any CPU
	EndGlobalSection
	GlobalSection(SolutionProperties) = preSolution
		HideSolutionNode = FALSE
	EndGlobalSection
	GlobalSection(NestedProjects) = preSolution
		{8D626EA8-CB54-BC41-363A-217881BEBA6E} = {827E0CD3-B72D-47B6-A68D-7590B98EB39B}
		{494F3CFB-A7A3-45A5-A6E2-D508ED5D530B} = {8D626EA8-CB54-BC41-363A-217881BEBA6E}
		{58A5B24B-8FB4-5A6E-5EF4-1E3E19F29B1B} = {827E0CD3-B72D-47B6-A68D-7590B98EB39B}
		{EBC50269-70BE-4F9F-9C38-DBCFDD460570} = {58A5B24B-8FB4-5A6E-5EF4-1E3E19F29B1B}
		{984BB9B3-3FA3-BE33-9484-CAC21695A33C} = {827E0CD3-B72D-47B6-A68D-7590B98EB39B}
		{55146A73-C0B8-429D-A8BA-6F14EEA02152} = {984BB9B3-3FA3-BE33-9484-CAC21695A33C}
		{03997797-E7F5-0643-168D-B8EA7178C2FE} = {827E0CD3-B72D-47B6-A68D-7590B98EB39B}
		{C36E7B17-0A5B-4D22-A2B1-18B3B54955AB} = {03997797-E7F5-0643-168D-B8EA7178C2FE}
	EndGlobalSection
EndGlobal
